// !$*UTF8*$!
{
	archiveVersion = 1;
	classes = {
	};
	objectVersion = 51;
	objects = {

/* Begin PBXBuildFile section */
		4141E9DC426233262DC0629A /* Pods_WorkTask.framework in Frameworks */ = {isa = PBXBuildFile; fileRef = 65FAADEA3F9C8CA9669E7B67 /* Pods_WorkTask.framework */; };
		C003674825824CB500226ED4 /* SuggestionsVC+CollectionViewDataSource.swift in Sources */ = {isa = PBXBuildFile; fileRef = C003674725824CB500226ED4 /* SuggestionsVC+CollectionViewDataSource.swift */; };
		C004193225B35D06009F5B39 /* TabBarController.swift in Sources */ = {isa = PBXBuildFile; fileRef = C004193125B35D06009F5B39 /* TabBarController.swift */; };
		C0089F5925B2184D001647F2 /* SuggestionsVC+HelperFuncs.swift in Sources */ = {isa = PBXBuildFile; fileRef = C0089F5825B2184D001647F2 /* SuggestionsVC+HelperFuncs.swift */; };
		C016B01D258C03F400F77CA6 /* PreviewViewController.swift in Sources */ = {isa = PBXBuildFile; fileRef = C016B01C258C03F400F77CA6 /* PreviewViewController.swift */; };
		C028AC7025B0D8BF007799B6 /* UIImageExtensionForResizingImages.swift in Sources */ = {isa = PBXBuildFile; fileRef = C028AC6F25B0D8BF007799B6 /* UIImageExtensionForResizingImages.swift */; };
		C0394FE325A8B33D00D7A7FB /* CoreDataManager.swift in Sources */ = {isa = PBXBuildFile; fileRef = C0394FE225A8B33D00D7A7FB /* CoreDataManager.swift */; };
		C04D6EA025AB391C00E4B151 /* Wach 2night.xcdatamodeld in Sources */ = {isa = PBXBuildFile; fileRef = C04D6E9E25AB391C00E4B151 /* Wach 2night.xcdatamodeld */; };
		C04D6EA325AB405E00E4B151 /* ConnectionManager.swift in Sources */ = {isa = PBXBuildFile; fileRef = C04D6EA225AB405E00E4B151 /* ConnectionManager.swift */; };
		C060DAFB257BECA200C892DE /* AppDelegate.swift in Sources */ = {isa = PBXBuildFile; fileRef = C060DAFA257BECA200C892DE /* AppDelegate.swift */; };
		C060DAFD257BECA200C892DE /* SceneDelegate.swift in Sources */ = {isa = PBXBuildFile; fileRef = C060DAFC257BECA200C892DE /* SceneDelegate.swift */; };
		C060DAFF257BECA200C892DE /* SuggestionsViewController.swift in Sources */ = {isa = PBXBuildFile; fileRef = C060DAFE257BECA200C892DE /* SuggestionsViewController.swift */; };
		C060DB04257BECA400C892DE /* Assets.xcassets in Resources */ = {isa = PBXBuildFile; fileRef = C060DB03257BECA400C892DE /* Assets.xcassets */; };
		C060DB07257BECA400C892DE /* LaunchScreen.storyboard in Resources */ = {isa = PBXBuildFile; fileRef = C060DB05257BECA400C892DE /* LaunchScreen.storyboard */; };
		C060DB14257BED7C00C892DE /* .gitignore in Resources */ = {isa = PBXBuildFile; fileRef = C060DB13257BED7C00C892DE /* .gitignore */; };
		C07E70D225BB2EAC001EE1AC /* SearchViewController.swift in Sources */ = {isa = PBXBuildFile; fileRef = C07E70D125BB2EAC001EE1AC /* SearchViewController.swift */; };
		C07E70DA25BB33F2001EE1AC /* SearchVC+SearchBarDelegate.swift in Sources */ = {isa = PBXBuildFile; fileRef = C07E70D925BB33F2001EE1AC /* SearchVC+SearchBarDelegate.swift */; };
		C0C0E7C02583C4A4006C460E /* NetworkManager.swift in Sources */ = {isa = PBXBuildFile; fileRef = C0C0E7BF2583C4A4006C460E /* NetworkManager.swift */; };
		C0C0E7C32583C74D006C460E /* DataModel.swift in Sources */ = {isa = PBXBuildFile; fileRef = C0C0E7C22583C74D006C460E /* DataModel.swift */; };
		C0D6AD532595F9D40000174A /* ApiKeyAndImageLink.swift in Sources */ = {isa = PBXBuildFile; fileRef = C0D6AD522595F9D40000174A /* ApiKeyAndImageLink.swift */; };
		C0F2F76C257D02C800A1DAF9 /* CollectionViewCell.swift in Sources */ = {isa = PBXBuildFile; fileRef = C0F2F76A257D02C800A1DAF9 /* CollectionViewCell.swift */; };
/* End PBXBuildFile section */

/* Begin PBXFileReference section */
		548453D6D37E445965AA6039 /* Pods-WorkTask.debug.xcconfig */ = {isa = PBXFileReference; includeInIndex = 1; lastKnownFileType = text.xcconfig; name = "Pods-WorkTask.debug.xcconfig"; path = "Target Support Files/Pods-WorkTask/Pods-WorkTask.debug.xcconfig"; sourceTree = "<group>"; };
		65FAADEA3F9C8CA9669E7B67 /* Pods_WorkTask.framework */ = {isa = PBXFileReference; explicitFileType = wrapper.framework; includeInIndex = 0; path = Pods_WorkTask.framework; sourceTree = BUILT_PRODUCTS_DIR; };
		9ACCE51585E5FCFB58E8D923 /* Pods-WorkTask.release.xcconfig */ = {isa = PBXFileReference; includeInIndex = 1; lastKnownFileType = text.xcconfig; name = "Pods-WorkTask.release.xcconfig"; path = "Target Support Files/Pods-WorkTask/Pods-WorkTask.release.xcconfig"; sourceTree = "<group>"; };
		C003674725824CB500226ED4 /* SuggestionsVC+CollectionViewDataSource.swift */ = {isa = PBXFileReference; lastKnownFileType = sourcecode.swift; path = "SuggestionsVC+CollectionViewDataSource.swift"; sourceTree = "<group>"; };
		C004193125B35D06009F5B39 /* TabBarController.swift */ = {isa = PBXFileReference; lastKnownFileType = sourcecode.swift; path = TabBarController.swift; sourceTree = "<group>"; };
		C0089F5825B2184D001647F2 /* SuggestionsVC+HelperFuncs.swift */ = {isa = PBXFileReference; lastKnownFileType = sourcecode.swift; path = "SuggestionsVC+HelperFuncs.swift"; sourceTree = "<group>"; };
		C016B01C258C03F400F77CA6 /* PreviewViewController.swift */ = {isa = PBXFileReference; lastKnownFileType = sourcecode.swift; path = PreviewViewController.swift; sourceTree = "<group>"; };
		C028AC6F25B0D8BF007799B6 /* UIImageExtensionForResizingImages.swift */ = {isa = PBXFileReference; lastKnownFileType = sourcecode.swift; path = UIImageExtensionForResizingImages.swift; sourceTree = "<group>"; };
		C0394FE225A8B33D00D7A7FB /* CoreDataManager.swift */ = {isa = PBXFileReference; lastKnownFileType = sourcecode.swift; path = CoreDataManager.swift; sourceTree = "<group>"; };
		C04D6E9F25AB391C00E4B151 /* Wach 2night.xcdatamodel */ = {isa = PBXFileReference; lastKnownFileType = wrapper.xcdatamodel; path = "Wach 2night.xcdatamodel"; sourceTree = "<group>"; };
		C04D6EA225AB405E00E4B151 /* ConnectionManager.swift */ = {isa = PBXFileReference; lastKnownFileType = sourcecode.swift; path = ConnectionManager.swift; sourceTree = "<group>"; };
		C060DAF7257BECA100C892DE /* WorkTask.app */ = {isa = PBXFileReference; explicitFileType = wrapper.application; includeInIndex = 0; path = WorkTask.app; sourceTree = BUILT_PRODUCTS_DIR; };
		C060DAFA257BECA200C892DE /* AppDelegate.swift */ = {isa = PBXFileReference; lastKnownFileType = sourcecode.swift; path = AppDelegate.swift; sourceTree = "<group>"; };
		C060DAFC257BECA200C892DE /* SceneDelegate.swift */ = {isa = PBXFileReference; lastKnownFileType = sourcecode.swift; path = SceneDelegate.swift; sourceTree = "<group>"; };
		C060DAFE257BECA200C892DE /* SuggestionsViewController.swift */ = {isa = PBXFileReference; lastKnownFileType = sourcecode.swift; path = SuggestionsViewController.swift; sourceTree = "<group>"; };
		C060DB03257BECA400C892DE /* Assets.xcassets */ = {isa = PBXFileReference; lastKnownFileType = folder.assetcatalog; path = Assets.xcassets; sourceTree = "<group>"; };
		C060DB06257BECA400C892DE /* Base */ = {isa = PBXFileReference; lastKnownFileType = file.storyboard; name = Base; path = Base.lproj/LaunchScreen.storyboard; sourceTree = "<group>"; };
		C060DB08257BECA400C892DE /* Info.plist */ = {isa = PBXFileReference; lastKnownFileType = text.plist.xml; name = Info.plist; path = WorkTask/Info.plist; sourceTree = SOURCE_ROOT; };
		C060DB13257BED7C00C892DE /* .gitignore */ = {isa = PBXFileReference; lastKnownFileType = text; path = .gitignore; sourceTree = "<group>"; };
		C07E70D125BB2EAC001EE1AC /* SearchViewController.swift */ = {isa = PBXFileReference; lastKnownFileType = sourcecode.swift; path = SearchViewController.swift; sourceTree = "<group>"; };
		C07E70D925BB33F2001EE1AC /* SearchVC+SearchBarDelegate.swift */ = {isa = PBXFileReference; lastKnownFileType = sourcecode.swift; path = "SearchVC+SearchBarDelegate.swift"; sourceTree = "<group>"; };
		C0C0E7BF2583C4A4006C460E /* NetworkManager.swift */ = {isa = PBXFileReference; lastKnownFileType = sourcecode.swift; path = NetworkManager.swift; sourceTree = "<group>"; };
		C0C0E7C22583C74D006C460E /* DataModel.swift */ = {isa = PBXFileReference; lastKnownFileType = sourcecode.swift; path = DataModel.swift; sourceTree = "<group>"; };
		C0D6AD522595F9D40000174A /* ApiKeyAndImageLink.swift */ = {isa = PBXFileReference; lastKnownFileType = sourcecode.swift; path = ApiKeyAndImageLink.swift; sourceTree = "<group>"; };
		C0F2F76A257D02C800A1DAF9 /* CollectionViewCell.swift */ = {isa = PBXFileReference; lastKnownFileType = sourcecode.swift; path = CollectionViewCell.swift; sourceTree = "<group>"; };
/* End PBXFileReference section */

/* Begin PBXFrameworksBuildPhase section */
		C060DAF4257BECA100C892DE /* Frameworks */ = {
			isa = PBXFrameworksBuildPhase;
			buildActionMask = 2147483647;
			files = (
				4141E9DC426233262DC0629A /* Pods_WorkTask.framework in Frameworks */,
			);
			runOnlyForDeploymentPostprocessing = 0;
		};
/* End PBXFrameworksBuildPhase section */

/* Begin PBXGroup section */
		1274A463FF5769AF2F5783EC /* Frameworks */ = {
			isa = PBXGroup;
			children = (
				65FAADEA3F9C8CA9669E7B67 /* Pods_WorkTask.framework */,
			);
			name = Frameworks;
			sourceTree = "<group>";
		};
		4F56768C882CE3DDA09C72AC /* Pods */ = {
			isa = PBXGroup;
			children = (
				548453D6D37E445965AA6039 /* Pods-WorkTask.debug.xcconfig */,
				9ACCE51585E5FCFB58E8D923 /* Pods-WorkTask.release.xcconfig */,
			);
			path = Pods;
			sourceTree = "<group>";
		};
		C003674A25824CBC00226ED4 /* Model */ = {
			isa = PBXGroup;
			children = (
				C0F2F776257D454000A1DAF9 /* CollectionViewCellClass */,
				C0B6B08D2583E61F002F1F7D /* Networking */,
				C04D6E9725AB2E0900E4B151 /* CoreDataFiles */,
				C028AC8025B0F2C5007799B6 /* Others */,
			);
			path = Model;
			sourceTree = "<group>";
		};
		C028AC8025B0F2C5007799B6 /* Others */ = {
			isa = PBXGroup;
			children = (
				C028AC6F25B0D8BF007799B6 /* UIImageExtensionForResizingImages.swift */,
			);
			path = Others;
			sourceTree = "<group>";
		};
		C04D6E9725AB2E0900E4B151 /* CoreDataFiles */ = {
			isa = PBXGroup;
			children = (
				C0394FE225A8B33D00D7A7FB /* CoreDataManager.swift */,
				C04D6E9E25AB391C00E4B151 /* Wach 2night.xcdatamodeld */,
			);
			path = CoreDataFiles;
			sourceTree = "<group>";
		};
		C060DAEE257BECA100C892DE = {
			isa = PBXGroup;
			children = (
				C060DB13257BED7C00C892DE /* .gitignore */,
				C060DAF9257BECA200C892DE /* WorkTask */,
				C0F2F77A257D456900A1DAF9 /* Other */,
				C060DAF8257BECA100C892DE /* Products */,
				4F56768C882CE3DDA09C72AC /* Pods */,
				1274A463FF5769AF2F5783EC /* Frameworks */,
			);
			sourceTree = "<group>";
		};
		C060DAF8257BECA100C892DE /* Products */ = {
			isa = PBXGroup;
			children = (
				C060DAF7257BECA100C892DE /* WorkTask.app */,
			);
			name = Products;
			sourceTree = "<group>";
		};
		C060DAF9257BECA200C892DE /* WorkTask */ = {
			isa = PBXGroup;
			children = (
				C060DB08257BECA400C892DE /* Info.plist */,
				C0F2F773257D452400A1DAF9 /* Delegates */,
				C0F2F778257D455700A1DAF9 /* ViewControllers */,
				C003674A25824CBC00226ED4 /* Model */,
			);
			path = WorkTask;
			sourceTree = "<group>";
		};
		C0B6B08D2583E61F002F1F7D /* Networking */ = {
			isa = PBXGroup;
			children = (
				C0C0E7BF2583C4A4006C460E /* NetworkManager.swift */,
				C0C0E7C22583C74D006C460E /* DataModel.swift */,
				C0D6AD522595F9D40000174A /* ApiKeyAndImageLink.swift */,
				C04D6EA225AB405E00E4B151 /* ConnectionManager.swift */,
			);
			path = Networking;
			sourceTree = "<group>";
		};
		C0D6AD5925960A000000174A /* Extensions */ = {
			isa = PBXGroup;
			children = (
				C003674725824CB500226ED4 /* SuggestionsVC+CollectionViewDataSource.swift */,
				C0089F5825B2184D001647F2 /* SuggestionsVC+HelperFuncs.swift */,
				C07E70D925BB33F2001EE1AC /* SearchVC+SearchBarDelegate.swift */,
			);
			path = Extensions;
			sourceTree = "<group>";
		};
		C0F2F773257D452400A1DAF9 /* Delegates */ = {
			isa = PBXGroup;
			children = (
				C060DAFA257BECA200C892DE /* AppDelegate.swift */,
				C060DAFC257BECA200C892DE /* SceneDelegate.swift */,
			);
			path = Delegates;
			sourceTree = "<group>";
		};
		C0F2F776257D454000A1DAF9 /* CollectionViewCellClass */ = {
			isa = PBXGroup;
			children = (
				C0F2F76A257D02C800A1DAF9 /* CollectionViewCell.swift */,
			);
			path = CollectionViewCellClass;
			sourceTree = "<group>";
		};
		C0F2F778257D455700A1DAF9 /* ViewControllers */ = {
			isa = PBXGroup;
			children = (
				C004193125B35D06009F5B39 /* TabBarController.swift */,
				C060DAFE257BECA200C892DE /* SuggestionsViewController.swift */,
				C016B01C258C03F400F77CA6 /* PreviewViewController.swift */,
				C07E70D125BB2EAC001EE1AC /* SearchViewController.swift */,
				C0D6AD5925960A000000174A /* Extensions */,
			);
			path = ViewControllers;
			sourceTree = "<group>";
		};
		C0F2F77A257D456900A1DAF9 /* Other */ = {
			isa = PBXGroup;
			children = (
				C060DB03257BECA400C892DE /* Assets.xcassets */,
				C060DB05257BECA400C892DE /* LaunchScreen.storyboard */,
			);
			path = Other;
			sourceTree = "<group>";
		};
/* End PBXGroup section */

/* Begin PBXNativeTarget section */
		C060DAF6257BECA100C892DE /* WorkTask */ = {
			isa = PBXNativeTarget;
			buildConfigurationList = C060DB0B257BECA400C892DE /* Build configuration list for PBXNativeTarget "WorkTask" */;
			buildPhases = (
				1CD4A8E2751D59DB83127030 /* [CP] Check Pods Manifest.lock */,
				C060DAF3257BECA100C892DE /* Sources */,
				C060DAF4257BECA100C892DE /* Frameworks */,
				C060DAF5257BECA100C892DE /* Resources */,
				2CD4B519B64105710E58DBE3 /* [CP] Embed Pods Frameworks */,
			);
			buildRules = (
			);
			dependencies = (
			);
			name = WorkTask;
			productName = WorkTask;
			productReference = C060DAF7257BECA100C892DE /* WorkTask.app */;
			productType = "com.apple.product-type.application";
		};
/* End PBXNativeTarget section */

/* Begin PBXProject section */
		C060DAEF257BECA100C892DE /* Project object */ = {
			isa = PBXProject;
			attributes = {
				LastSwiftUpdateCheck = 1220;
				LastUpgradeCheck = 1220;
				TargetAttributes = {
					C060DAF6257BECA100C892DE = {
						CreatedOnToolsVersion = 12.2;
					};
				};
			};
			buildConfigurationList = C060DAF2257BECA100C892DE /* Build configuration list for PBXProject "Wach 2night" */;
			compatibilityVersion = "Xcode 9.3";
			developmentRegion = en;
			hasScannedForEncodings = 0;
			knownRegions = (
				en,
				Base,
			);
			mainGroup = C060DAEE257BECA100C892DE;
			productRefGroup = C060DAF8257BECA100C892DE /* Products */;
			projectDirPath = "";
			projectRoot = "";
			targets = (
				C060DAF6257BECA100C892DE /* WorkTask */,
			);
		};
/* End PBXProject section */

/* Begin PBXResourcesBuildPhase section */
		C060DAF5257BECA100C892DE /* Resources */ = {
			isa = PBXResourcesBuildPhase;
			buildActionMask = 2147483647;
			files = (
				C060DB14257BED7C00C892DE /* .gitignore in Resources */,
				C060DB07257BECA400C892DE /* LaunchScreen.storyboard in Resources */,
				C060DB04257BECA400C892DE /* Assets.xcassets in Resources */,
			);
			runOnlyForDeploymentPostprocessing = 0;
		};
/* End PBXResourcesBuildPhase section */

/* Begin PBXShellScriptBuildPhase section */
		1CD4A8E2751D59DB83127030 /* [CP] Check Pods Manifest.lock */ = {
			isa = PBXShellScriptBuildPhase;
			buildActionMask = 2147483647;
			files = (
			);
			inputFileListPaths = (
			);
			inputPaths = (
				"${PODS_PODFILE_DIR_PATH}/Podfile.lock",
				"${PODS_ROOT}/Manifest.lock",
			);
			name = "[CP] Check Pods Manifest.lock";
			outputFileListPaths = (
			);
			outputPaths = (
				"$(DERIVED_FILE_DIR)/Pods-WorkTask-checkManifestLockResult.txt",
			);
			runOnlyForDeploymentPostprocessing = 0;
			shellPath = /bin/sh;
			shellScript = "diff \"${PODS_PODFILE_DIR_PATH}/Podfile.lock\" \"${PODS_ROOT}/Manifest.lock\" > /dev/null\nif [ $? != 0 ] ; then\n    # print error to STDERR\n    echo \"error: The sandbox is not in sync with the Podfile.lock. Run 'pod install' or update your CocoaPods installation.\" >&2\n    exit 1\nfi\n# This output is used by Xcode 'outputs' to avoid re-running this script phase.\necho \"SUCCESS\" > \"${SCRIPT_OUTPUT_FILE_0}\"\n";
			showEnvVarsInLog = 0;
		};
		2CD4B519B64105710E58DBE3 /* [CP] Embed Pods Frameworks */ = {
			isa = PBXShellScriptBuildPhase;
			buildActionMask = 2147483647;
			files = (
			);
			inputFileListPaths = (
				"${PODS_ROOT}/Target Support Files/Pods-WorkTask/Pods-WorkTask-frameworks-${CONFIGURATION}-input-files.xcfilelist",
			);
			name = "[CP] Embed Pods Frameworks";
			outputFileListPaths = (
				"${PODS_ROOT}/Target Support Files/Pods-WorkTask/Pods-WorkTask-frameworks-${CONFIGURATION}-output-files.xcfilelist",
			);
			runOnlyForDeploymentPostprocessing = 0;
			shellPath = /bin/sh;
			shellScript = "\"${PODS_ROOT}/Target Support Files/Pods-WorkTask/Pods-WorkTask-frameworks.sh\"\n";
			showEnvVarsInLog = 0;
		};
/* End PBXShellScriptBuildPhase section */

/* Begin PBXSourcesBuildPhase section */
		C060DAF3257BECA100C892DE /* Sources */ = {
			isa = PBXSourcesBuildPhase;
			buildActionMask = 2147483647;
			files = (
				C0C0E7C02583C4A4006C460E /* NetworkManager.swift in Sources */,
				C04D6EA325AB405E00E4B151 /* ConnectionManager.swift in Sources */,
				C060DAFF257BECA200C892DE /* SuggestionsViewController.swift in Sources */,
				C004193225B35D06009F5B39 /* TabBarController.swift in Sources */,
				C060DAFB257BECA200C892DE /* AppDelegate.swift in Sources */,
				C016B01D258C03F400F77CA6 /* PreviewViewController.swift in Sources */,
				C04D6EA025AB391C00E4B151 /* Wach 2night.xcdatamodeld in Sources */,
				C0F2F76C257D02C800A1DAF9 /* CollectionViewCell.swift in Sources */,
				C003674825824CB500226ED4 /* SuggestionsVC+CollectionViewDataSource.swift in Sources */,
				C0C0E7C32583C74D006C460E /* DataModel.swift in Sources */,
				C07E70DA25BB33F2001EE1AC /* SearchVC+SearchBarDelegate.swift in Sources */,
				C07E70D225BB2EAC001EE1AC /* SearchViewController.swift in Sources */,
				C0089F5925B2184D001647F2 /* SuggestionsVC+HelperFuncs.swift in Sources */,
				C028AC7025B0D8BF007799B6 /* UIImageExtensionForResizingImages.swift in Sources */,
				C0D6AD532595F9D40000174A /* ApiKeyAndImageLink.swift in Sources */,
				C060DAFD257BECA200C892DE /* SceneDelegate.swift in Sources */,
				C0394FE325A8B33D00D7A7FB /* CoreDataManager.swift in Sources */,
			);
			runOnlyForDeploymentPostprocessing = 0;
		};
/* End PBXSourcesBuildPhase section */

/* Begin PBXVariantGroup section */
		C060DB05257BECA400C892DE /* LaunchScreen.storyboard */ = {
			isa = PBXVariantGroup;
			children = (
				C060DB06257BECA400C892DE /* Base */,
			);
			name = LaunchScreen.storyboard;
			sourceTree = "<group>";
		};
/* End PBXVariantGroup section */

/* Begin XCBuildConfiguration section */
		C060DB09257BECA400C892DE /* Debug */ = {
			isa = XCBuildConfiguration;
			buildSettings = {
				ALWAYS_SEARCH_USER_PATHS = NO;
				CLANG_ANALYZER_NONNULL = YES;
				CLANG_ANALYZER_NUMBER_OBJECT_CONVERSION = YES_AGGRESSIVE;
				CLANG_CXX_LANGUAGE_STANDARD = "gnu++14";
				CLANG_CXX_LIBRARY = "libc++";
				CLANG_ENABLE_MODULES = YES;
				CLANG_ENABLE_OBJC_ARC = YES;
				CLANG_ENABLE_OBJC_WEAK = YES;
				CLANG_WARN_BLOCK_CAPTURE_AUTORELEASING = YES;
				CLANG_WARN_BOOL_CONVERSION = YES;
				CLANG_WARN_COMMA = YES;
				CLANG_WARN_CONSTANT_CONVERSION = YES;
				CLANG_WARN_DEPRECATED_OBJC_IMPLEMENTATIONS = YES;
				CLANG_WARN_DIRECT_OBJC_ISA_USAGE = YES_ERROR;
				CLANG_WARN_DOCUMENTATION_COMMENTS = YES;
				CLANG_WARN_EMPTY_BODY = YES;
				CLANG_WARN_ENUM_CONVERSION = YES;
				CLANG_WARN_INFINITE_RECURSION = YES;
				CLANG_WARN_INT_CONVERSION = YES;
				CLANG_WARN_NON_LITERAL_NULL_CONVERSION = YES;
				CLANG_WARN_OBJC_IMPLICIT_RETAIN_SELF = YES;
				CLANG_WARN_OBJC_LITERAL_CONVERSION = YES;
				CLANG_WARN_OBJC_ROOT_CLASS = YES_ERROR;
				CLANG_WARN_QUOTED_INCLUDE_IN_FRAMEWORK_HEADER = YES;
				CLANG_WARN_RANGE_LOOP_ANALYSIS = YES;
				CLANG_WARN_STRICT_PROTOTYPES = YES;
				CLANG_WARN_SUSPICIOUS_MOVE = YES;
				CLANG_WARN_UNGUARDED_AVAILABILITY = YES_AGGRESSIVE;
				CLANG_WARN_UNREACHABLE_CODE = YES;
				CLANG_WARN__DUPLICATE_METHOD_MATCH = YES;
				COPY_PHASE_STRIP = NO;
				DEBUG_INFORMATION_FORMAT = dwarf;
				ENABLE_STRICT_OBJC_MSGSEND = YES;
				ENABLE_TESTABILITY = YES;
				GCC_C_LANGUAGE_STANDARD = gnu11;
				GCC_DYNAMIC_NO_PIC = NO;
				GCC_NO_COMMON_BLOCKS = YES;
				GCC_OPTIMIZATION_LEVEL = 0;
				GCC_PREPROCESSOR_DEFINITIONS = (
					"DEBUG=1",
					"$(inherited)",
				);
				GCC_WARN_64_TO_32_BIT_CONVERSION = YES;
				GCC_WARN_ABOUT_RETURN_TYPE = YES_ERROR;
				GCC_WARN_UNDECLARED_SELECTOR = YES;
				GCC_WARN_UNINITIALIZED_AUTOS = YES_AGGRESSIVE;
				GCC_WARN_UNUSED_FUNCTION = YES;
				GCC_WARN_UNUSED_VARIABLE = YES;
				IPHONEOS_DEPLOYMENT_TARGET = 14.2;
				MTL_ENABLE_DEBUG_INFO = INCLUDE_SOURCE;
				MTL_FAST_MATH = YES;
				ONLY_ACTIVE_ARCH = YES;
				SDKROOT = iphoneos;
				SWIFT_ACTIVE_COMPILATION_CONDITIONS = DEBUG;
				SWIFT_OPTIMIZATION_LEVEL = "-Onone";
			};
			name = Debug;
		};
		C060DB0A257BECA400C892DE /* Release */ = {
			isa = XCBuildConfiguration;
			buildSettings = {
				ALWAYS_SEARCH_USER_PATHS = NO;
				CLANG_ANALYZER_NONNULL = YES;
				CLANG_ANALYZER_NUMBER_OBJECT_CONVERSION = YES_AGGRESSIVE;
				CLANG_CXX_LANGUAGE_STANDARD = "gnu++14";
				CLANG_CXX_LIBRARY = "libc++";
				CLANG_ENABLE_MODULES = YES;
				CLANG_ENABLE_OBJC_ARC = YES;
				CLANG_ENABLE_OBJC_WEAK = YES;
				CLANG_WARN_BLOCK_CAPTURE_AUTORELEASING = YES;
				CLANG_WARN_BOOL_CONVERSION = YES;
				CLANG_WARN_COMMA = YES;
				CLANG_WARN_CONSTANT_CONVERSION = YES;
				CLANG_WARN_DEPRECATED_OBJC_IMPLEMENTATIONS = YES;
				CLANG_WARN_DIRECT_OBJC_ISA_USAGE = YES_ERROR;
				CLANG_WARN_DOCUMENTATION_COMMENTS = YES;
				CLANG_WARN_EMPTY_BODY = YES;
				CLANG_WARN_ENUM_CONVERSION = YES;
				CLANG_WARN_INFINITE_RECURSION = YES;
				CLANG_WARN_INT_CONVERSION = YES;
				CLANG_WARN_NON_LITERAL_NULL_CONVERSION = YES;
				CLANG_WARN_OBJC_IMPLICIT_RETAIN_SELF = YES;
				CLANG_WARN_OBJC_LITERAL_CONVERSION = YES;
				CLANG_WARN_OBJC_ROOT_CLASS = YES_ERROR;
				CLANG_WARN_QUOTED_INCLUDE_IN_FRAMEWORK_HEADER = YES;
				CLANG_WARN_RANGE_LOOP_ANALYSIS = YES;
				CLANG_WARN_STRICT_PROTOTYPES = YES;
				CLANG_WARN_SUSPICIOUS_MOVE = YES;
				CLANG_WARN_UNGUARDED_AVAILABILITY = YES_AGGRESSIVE;
				CLANG_WARN_UNREACHABLE_CODE = YES;
				CLANG_WARN__DUPLICATE_METHOD_MATCH = YES;
				COPY_PHASE_STRIP = NO;
				DEBUG_INFORMATION_FORMAT = "dwarf-with-dsym";
				ENABLE_NS_ASSERTIONS = NO;
				ENABLE_STRICT_OBJC_MSGSEND = YES;
				GCC_C_LANGUAGE_STANDARD = gnu11;
				GCC_NO_COMMON_BLOCKS = YES;
				GCC_WARN_64_TO_32_BIT_CONVERSION = YES;
				GCC_WARN_ABOUT_RETURN_TYPE = YES_ERROR;
				GCC_WARN_UNDECLARED_SELECTOR = YES;
				GCC_WARN_UNINITIALIZED_AUTOS = YES_AGGRESSIVE;
				GCC_WARN_UNUSED_FUNCTION = YES;
				GCC_WARN_UNUSED_VARIABLE = YES;
				IPHONEOS_DEPLOYMENT_TARGET = 14.2;
				MTL_ENABLE_DEBUG_INFO = NO;
				MTL_FAST_MATH = YES;
				SDKROOT = iphoneos;
				SWIFT_COMPILATION_MODE = wholemodule;
				SWIFT_OPTIMIZATION_LEVEL = "-O";
				VALIDATE_PRODUCT = YES;
			};
			name = Release;
		};
		C060DB0C257BECA400C892DE /* Debug */ = {
			isa = XCBuildConfiguration;
			baseConfigurationReference = 548453D6D37E445965AA6039 /* Pods-WorkTask.debug.xcconfig */;
			buildSettings = {
				ASSETCATALOG_COMPILER_APPICON_NAME = AppIcon;
				ASSETCATALOG_COMPILER_GLOBAL_ACCENT_COLOR_NAME = AccentColor;
				CODE_SIGN_STYLE = Automatic;
				DEVELOPMENT_TEAM = 63NJXM9Q62;
				INFOPLIST_FILE = WorkTask/Info.plist;
				LD_RUNPATH_SEARCH_PATHS = (
					"$(inherited)",
					"@executable_path/Frameworks",
				);
				PRODUCT_BUNDLE_IDENTIFIER = lomovskyInc.WorkTask;
				PRODUCT_NAME = "$(TARGET_NAME)";
				SWIFT_VERSION = 5.0;
				TARGETED_DEVICE_FAMILY = 1;
			};
			name = Debug;
		};
		C060DB0D257BECA400C892DE /* Release */ = {
			isa = XCBuildConfiguration;
			baseConfigurationReference = 9ACCE51585E5FCFB58E8D923 /* Pods-WorkTask.release.xcconfig */;
			buildSettings = {
				ASSETCATALOG_COMPILER_APPICON_NAME = AppIcon;
				ASSETCATALOG_COMPILER_GLOBAL_ACCENT_COLOR_NAME = AccentColor;
				CODE_SIGN_STYLE = Automatic;
				DEVELOPMENT_TEAM = 63NJXM9Q62;
				INFOPLIST_FILE = WorkTask/Info.plist;
				LD_RUNPATH_SEARCH_PATHS = (
					"$(inherited)",
					"@executable_path/Frameworks",
				);
				PRODUCT_BUNDLE_IDENTIFIER = lomovskyInc.WorkTask;
				PRODUCT_NAME = "$(TARGET_NAME)";
				SWIFT_VERSION = 5.0;
				TARGETED_DEVICE_FAMILY = 1;
			};
			name = Release;
		};
/* End XCBuildConfiguration section */

/* Begin XCConfigurationList section */
		C060DAF2257BECA100C892DE /* Build configuration list for PBXProject "Wach 2night" */ = {
			isa = XCConfigurationList;
			buildConfigurations = (
				C060DB09257BECA400C892DE /* Debug */,
				C060DB0A257BECA400C892DE /* Release */,
			);
			defaultConfigurationIsVisible = 0;
			defaultConfigurationName = Release;
		};
		C060DB0B257BECA400C892DE /* Build configuration list for PBXNativeTarget "WorkTask" */ = {
			isa = XCConfigurationList;
			buildConfigurations = (
				C060DB0C257BECA400C892DE /* Debug */,
				C060DB0D257BECA400C892DE /* Release */,
			);
			defaultConfigurationIsVisible = 0;
			defaultConfigurationName = Release;
		};
/* End XCConfigurationList section */

/* Begin XCVersionGroup section */
		C04D6E9E25AB391C00E4B151 /* Wach 2night.xcdatamodeld */ = {
			isa = XCVersionGroup;
			children = (
				C04D6E9F25AB391C00E4B151 /* Wach 2night.xcdatamodel */,
			);
			currentVersion = C04D6E9F25AB391C00E4B151 /* Wach 2night.xcdatamodel */;
			path = "Wach 2night.xcdatamodeld";
			sourceTree = "<group>";
			versionGroupType = wrapper.xcdatamodel;
		};
/* End XCVersionGroup section */
	};
	rootObject = C060DAEF257BECA100C892DE /* Project object */;
}
